# THIS IS AN AUTOGENERATED FILE. DO NOT EDIT THIS FILE DIRECTLY.
# yarn lockfile v1


"@a-la/detect-jsx@1.0.1":
  version "1.0.1"
  resolved "https://registry.yarnpkg.com/@a-la/detect-jsx/-/detect-jsx-1.0.1.tgz#ef36b5f3c129e0901d5752a86999a9910f6b5e7a"
  integrity sha512-ZxWfYmzeFt0CUDylMM8ZiZwSDOrZHyDnf5iVkimZKOfB5VwNEhC52NZCv5zctMFI2y3H4+jsePq6fXHc46FrFw==

"@a-la/export@1.3.0":
  version "1.3.0"
  resolved "https://registry.yarnpkg.com/@a-la/export/-/export-1.3.0.tgz#aaa22530315f85557331ddd2fc096b1b20d11afb"

"@a-la/import@1.7.0":
  version "1.7.0"
  resolved "https://registry.yarnpkg.com/@a-la/import/-/import-1.7.0.tgz#169849ac4ac50558867f89e38f841dc2eee51ae8"
  integrity sha512-4iLDtywkxKaRupaLcc/ZNSxE0HWiag3z/9DsfWU0smdwXmgfkcqM9lGwhGM4vkB3YqXTOD3MtGRxxjrOIjDtjQ==

"@a-la/jsx@1.2.2":
  version "1.2.2"
  resolved "https://registry.yarnpkg.com/@a-la/jsx/-/jsx-1.2.2.tgz#0515c98d4d9eb763fabde1c3665c4aa994cf5b05"
  integrity sha512-U8PBd1Y7G8WpCz7xFp3tyymy/n4VvZ43T2xLv6amTT2T0/TZ6fySB+m71K/f7ucCCaWl1F20IRrdPohx5umJjQ==
  dependencies:
    "@a-la/detect-jsx" "1.0.1"
    restream "3.4.1"

"@a-la/jsx@1.2.5":
  version "1.2.5"
  resolved "https://registry.yarnpkg.com/@a-la/jsx/-/jsx-1.2.5.tgz#74c5550b5af2f59d20921aadfea3d5b16baf9846"
  integrity sha512-wVZC179hzUIGv8csWduhPk3QvASt+IgLjNRwa4Z6gIdMQ89jQX49LCaCBPCwGjpG/ihOl3MS/W77N5la8e9xwg==
  dependencies:
    "@a-la/detect-jsx" "1.0.1"
    mismatch "1.0.3"
    restream "3.4.1"

"@a-la/markers@1.0.3":
  version "1.0.3"
  resolved "https://registry.yarnpkg.com/@a-la/markers/-/markers-1.0.3.tgz#2800c812acce35d01756cd82a0553320d405f38d"
  dependencies:
    restream "3.1.1"

"@artdeco/clean-stack@1.0.0":
  version "1.0.0"
  resolved "https://registry.yarnpkg.com/@artdeco/clean-stack/-/clean-stack-1.0.0.tgz#36ff9c9f66e6cb1eb0bfa90341be21cba70c7ea6"

"@artdeco/clean-stack@1.0.1":
  version "1.0.1"
  resolved "https://registry.yarnpkg.com/@artdeco/clean-stack/-/clean-stack-1.0.1.tgz#7e4d3bb1b0ac62173b00e4bba7091f7847cdb088"
  integrity sha512-ZSavD8NpWA1/1SRCKrx8LZ5WfbKS1kRUIFOERJvR1jXqCAcbM3xWSP2VdCKEh4lCwWghSWQkotbpK6n+o1Y/xQ==

"@wrote/clone@1.1.0":
  version "1.1.0"
  resolved "https://registry.yarnpkg.com/@wrote/clone/-/clone-1.1.0.tgz#6f5d05b320c3294d6879f65a3950475249cdfcab"
  integrity sha512-1gRUv3LFW6ppB2/rd8O5edpnYOfRHA38H1MjMjKGPUS5Zh6F6UGPFNIaeBuxv7IuHIjWHRo4gil3UCAAvKobjQ==
  dependencies:
    "@wrote/ensure-path" "1.0.3"
    "@wrote/read-dir-structure" "1.0.1"
    makepromise "3.0.1"

"@wrote/ensure-path@1.0.3":
  version "1.0.3"
  resolved "https://registry.yarnpkg.com/@wrote/ensure-path/-/ensure-path-1.0.3.tgz#7faeff4ebb5b3972b745e0cc85f3e06cbca51d51"
  dependencies:
    makepromise "3.0.1"

"@wrote/ensure-path@1.0.5":
  version "1.0.5"
  resolved "https://registry.yarnpkg.com/@wrote/ensure-path/-/ensure-path-1.0.5.tgz#63d02db2564c15b86074375f5799fb5071bd93ba"
  integrity sha512-oO3eJSmm2qcDBuK1dxIRhixLpPu9tv3ic9C/MqECRdhWltG4OHk7ldHlU4hbMkQ5nfcliQD0AqeoDjkig6ur4A==
  dependencies:
    makepromise "3.0.2"

"@wrote/read-dir-structure@1.0.1":
  version "1.0.1"
  resolved "https://registry.yarnpkg.com/@wrote/read-dir-structure/-/read-dir-structure-1.0.1.tgz#fe1bf41715a0dbf7c2fb65a7d7b4fefab127eb24"
  dependencies:
    makepromise "2.0.0"

"@wrote/read-dir-structure@1.0.2":
  version "1.0.2"
  resolved "https://registry.yarnpkg.com/@wrote/read-dir-structure/-/read-dir-structure-1.0.2.tgz#37c32e1f8ed8c1f29d9dab6991f4f10839e1251f"
  integrity sha512-lpylZn6STGV8vurIWQbdHwHljAIX0/f3yp1Xyf99nHcXzINI2AFujRMdzBqBgacVpWbEd2eHZqJGhZPiHnZcwQ==
  dependencies:
    makepromise "3.0.2"

"@zoroaster/fork@1.0.0":
  version "1.0.0"
  resolved "https://registry.yarnpkg.com/@zoroaster/fork/-/fork-1.0.0.tgz#3418d2af1ad498bf9fb2a696591362bb626b54f0"
  integrity sha512-x/OFTMykPzSesnkrjGJ2wCNu90L3Sin0XfYfWTKjOOhuUCoCNGdvHhyK0c36BH3ZGpnNPy8NK2mcRHnuOmut0g==
  dependencies:
    assert-diff "2.0.3"
    catchment "3.1.1"
    erte "1.1.4"
    forkfeed "1.0.0"
    mismatch "1.0.3"
    spawncommand "2.1.0"

"@zoroaster/reducer@1.0.0":
  version "1.0.0"
  resolved "https://registry.yarnpkg.com/@zoroaster/reducer/-/reducer-1.0.0.tgz#f7bd98a6b189743371e26d2f799ebe5c7e4e67af"
  integrity sha512-awx48MA9Lmdrdkf0GRALZs7wt85qwFAszyMngftL2rKdNvuqGbNGv37ZW+F/c3bx2+8oFs7iEm0wYayGyz91fg==
  dependencies:
    promto "1.0.1"

alamode@1.6.0:
  version "1.6.0"
  resolved "https://registry.yarnpkg.com/alamode/-/alamode-1.6.0.tgz#5b79d6914b8bc8df16222b38885b5dff6b7a729b"
  integrity sha512-DrMtouK9uIc7TrOOnOLXiD6N+Y7S3bJttO32jHBK8golYPS1FF7QlXFmpWkwhugG3RCRkcIKTpE026GrVprBzQ==
  dependencies:
    "@a-la/export" "1.3.0"
    "@a-la/import" "1.7.0"
    "@a-la/markers" "1.0.3"
    "@wrote/ensure-path" "1.0.3"
    "@wrote/read-dir-structure" "1.0.1"
    argufy "1.2.1"
    pirates "4.0.0"
    restream "3.2.1"
    source-map "0.7.3"
    usually "1.0.0"
    which-stream "1.0.1"

alamode@1.7.0:
  version "1.7.0"
  resolved "https://registry.yarnpkg.com/alamode/-/alamode-1.7.0.tgz#96ffc52eabb65b3cdfca3a9927826e61413a281b"
  integrity sha512-YioKrWvZtr+/zGtO/GDBFyt7zAPm6WS5xWws9yyk74P2s5Zizpnw5weJOpU8R1Qa6MpuegaQbAV5y0xamDTc9A==
  dependencies:
    "@a-la/export" "1.3.0"
    "@a-la/import" "1.7.0"
    "@a-la/jsx" "1.2.2"
    "@a-la/markers" "1.0.3"
    "@wrote/ensure-path" "1.0.3"
    "@wrote/read-dir-structure" "1.0.1"
    argufy "1.2.1"
    catchment "3.2.0"
    pirates "4.0.0"
    restream "3.4.1"
    source-map "0.7.3"
    usually "1.1.0"
    which-stream "1.0.1"

alamode@1.7.3:
  version "1.7.3"
  resolved "https://registry.yarnpkg.com/alamode/-/alamode-1.7.3.tgz#3b12ea5e938cbc25dc7a502a35517f78848775de"
  integrity sha512-kHXWvY9XwyV9lhBqF8zpXHR3wwa8YDrLYdwIkpKzmDkWhRfPCT2LhZZ5EaK6F5nZSonTG6BIqOBD0CeCecnJTQ==
  dependencies:
    "@a-la/export" "1.3.0"
    "@a-la/import" "1.7.0"
    "@a-la/jsx" "1.2.5"
    "@a-la/markers" "1.0.3"
    "@wrote/ensure-path" "1.0.5"
    "@wrote/read-dir-structure" "1.0.2"
    argufy "1.3.2"
    catchment "3.2.2"
    pirates "4.0.0"
    restream "3.5.0"
    source-map "0.7.3"
    usually "1.1.0"
    which-stream "1.0.1"

argufy@1.2.1:
  version "1.2.1"
  resolved "https://registry.yarnpkg.com/argufy/-/argufy-1.2.1.tgz#34985fe1087dee7fd96c92fad17c0dd137991d95"

argufy@1.3.2:
  version "1.3.2"
  resolved "https://registry.yarnpkg.com/argufy/-/argufy-1.3.2.tgz#05387dbf12b6fdf15de0678413e6926b018987df"
  integrity sha512-ut80hITGI6bpaguzWZ3pZ9akshUzh2iSeGoIeqHYfJZeBafmd5guuzLxRzJ29vc2qbbUaunOxJ89DydEWhj5BA==

assert-diff@2.0.3:
  version "2.0.3"
  resolved "https://registry.yarnpkg.com/assert-diff/-/assert-diff-2.0.3.tgz#f7a5ab51f8da1bf2dbc9afd3f0b9ea6919808a74"
  dependencies:
    assert-plus "1.0.0"
    json-diff "0.5.2"

assert-plus@1.0.0:
  version "1.0.0"
  resolved "https://registry.yarnpkg.com/assert-plus/-/assert-plus-1.0.0.tgz#f12e0f3c5d77b0b1cdd9146942e4e96c1e4dd525"

assert-throws@3.1.1:
  version "3.1.1"
  resolved "https://registry.yarnpkg.com/assert-throws/-/assert-throws-3.1.1.tgz#a6f385317a330b16d7bd871a00ef8ec07cc12934"
  dependencies:
    erotic "2.0.1"
    erte "1.1.4"

catchment@3.0.1:
  version "3.0.1"
  resolved "https://registry.yarnpkg.com/catchment/-/catchment-3.0.1.tgz#11dab5fea86d412343e797e052b21091b7e83a55"

catchment@3.1.1:
  version "3.1.1"
  resolved "https://registry.yarnpkg.com/catchment/-/catchment-3.1.1.tgz#dad005e4383cb56f0108d8ea1f877608df22be59"
  dependencies:
    "@artdeco/clean-stack" "1.0.0"
    erotic "2.0.1"

catchment@3.2.0:
  version "3.2.0"
  resolved "https://registry.yarnpkg.com/catchment/-/catchment-3.2.0.tgz#1b846c4a4acd488061b1b054274edd2f5111cd8d"
  integrity sha512-mGhiTkSgPaKAEeB0lVLRM+TWlzkoPq5SGvAgsjNayfBzQjqwRdPIUs2Y1ksvU5WsP5JdtcPVFyyGLM6K8xnQqA==
  dependencies:
    "@artdeco/clean-stack" "1.0.0"
    erotic "2.0.1"

catchment@3.2.2:
  version "3.2.2"
  resolved "https://registry.yarnpkg.com/catchment/-/catchment-3.2.2.tgz#f7a6b97073ab9e0f442fd38145e4150ffe909542"
  integrity sha512-lnhfMrT8ZB9N1At3kMq2W2NkloNfxvMhcl0ew/+8sCqQfUDNGum+FujmdxIaDYsfdQDKcnMjVikfDaV207LVtw==
  dependencies:
    "@artdeco/clean-stack" "1.0.1"
    erotic "2.0.2"

catchment@^1.0.0:
  version "1.0.0"
  resolved "https://registry.yarnpkg.com/catchment/-/catchment-1.0.0.tgz#3061f71be0102710be84328d2f94363a165f8c4b"

clean-stack@1.3.0:
  version "1.3.0"
  resolved "https://registry.yarnpkg.com/clean-stack/-/clean-stack-1.3.0.tgz#9e821501ae979986c46b1d66d2d432db2fd4ae31"

cli-color@~0.1.6:
  version "0.1.7"
  resolved "https://registry.yarnpkg.com/cli-color/-/cli-color-0.1.7.tgz#adc3200fa471cc211b0da7f566b71e98b9d67347"
  dependencies:
    es5-ext "0.8.x"

diff@3.5.0:
  version "3.5.0"
  resolved "https://registry.yarnpkg.com/diff/-/diff-3.5.0.tgz#800c0dd1e0a8bfbc95835c202ad220fe317e5a12"

diff@4.0.1:
  version "4.0.1"
  resolved "https://registry.yarnpkg.com/diff/-/diff-4.0.1.tgz#0c667cb467ebbb5cea7f14f135cc2dba7780a8ff"
  integrity sha512-s2+XdvhPCOF01LRQBC8hf4vhbVmI2CGS5aZnxLJlT5FtdhPCDFq80q++zK2KlrVorVDdL5BOGZ/VfLrVtYNF+Q==

difflib@~0.2.1:
  version "0.2.4"
  resolved "https://registry.yarnpkg.com/difflib/-/difflib-0.2.4.tgz#b5e30361a6db023176d562892db85940a718f47e"
  dependencies:
    heap ">= 0.2.0"

documentary@1.21.1:
  version "1.21.1"
  resolved "https://registry.yarnpkg.com/documentary/-/documentary-1.21.1.tgz#5296c496b4c717e1def41cb0c5f17f003e6cb5aa"
  integrity sha512-gQ0Pymf8P5UJ/JhtdQEc57djYLLGfdInhZ4O8Am/EsXHk72z9p8+yCWyzk3eIe2UnbPYtd4Vj1neu8Se2QpJ+Q==
  dependencies:
    "@wrote/clone" "1.1.0"
    "@wrote/ensure-path" "1.0.5"
    alamode "1.7.0"
    argufy "1.3.2"
    catchment "3.2.2"
    erte "1.1.6"
    mismatch "1.0.3"
    pedantry "2.2.0"
    preact "8.4.2"
    preact-render-to-string "4.1.0"
    restream "3.5.0"
    rexml "1.2.0"
    spawncommand "2.1.0"
    typal "1.2.0"
    which-stream "1.0.1"

dreamopt@~0.6.0:
  version "0.6.0"
  resolved "https://registry.yarnpkg.com/dreamopt/-/dreamopt-0.6.0.tgz#d813ccdac8d39d8ad526775514a13dda664d6b4b"
  dependencies:
    wordwrap ">=0.0.2"

erotic@1.0.1:
  version "1.0.1"
  resolved "https://registry.yarnpkg.com/erotic/-/erotic-1.0.1.tgz#222fedd8215937b9e5d0ec37abb27889af63776f"
  dependencies:
    clean-stack "1.3.0"

erotic@1.2.1:
  version "1.2.1"
  resolved "https://registry.yarnpkg.com/erotic/-/erotic-1.2.1.tgz#f5265147573991578808de69af28316aa788f0ae"
  dependencies:
    clean-stack "1.3.0"

erotic@2.0.1:
  version "2.0.1"
  resolved "https://registry.yarnpkg.com/erotic/-/erotic-2.0.1.tgz#bcb45bf61e5a3a9006bbee2cf998515a56f3961b"
  dependencies:
    "@artdeco/clean-stack" "1.0.0"

erotic@2.0.2:
  version "2.0.2"
  resolved "https://registry.yarnpkg.com/erotic/-/erotic-2.0.2.tgz#22d611ea49bcacdc577abb9fbff3af67cbc5c1e3"
  integrity sha512-iH9zPUi+/Y6vuzSz7EBRKI25UiBliDz4/lH1+BubsZZBBBZ77xV3iUlkUT0xKOBHbOOWOoH5J5xeSVDqWR3ivQ==
  dependencies:
    "@artdeco/clean-stack" "1.0.1"

erte@1.1.4:
  version "1.1.4"
  resolved "https://registry.yarnpkg.com/erte/-/erte-1.1.4.tgz#1400a891622c5a12970b710b2f227a7182c0dc9c"
  dependencies:
    diff "3.5.0"

erte@1.1.6:
  version "1.1.6"
  resolved "https://registry.yarnpkg.com/erte/-/erte-1.1.6.tgz#78f1eade69151dde1acaa5bd3970d57ba2d45f72"
  integrity sha512-NQ6KXfFeGPM7ct2cCKVyz2K2xxM19ugXIYMzTt5eTR70KYnyK2jjZzkNf5aahZplPaBH8B68ySc6MfLO+Jdb7w==
  dependencies:
    diff "4.0.1"

es5-ext@0.8.x:
  version "0.8.2"
  resolved "https://registry.yarnpkg.com/es5-ext/-/es5-ext-0.8.2.tgz#aba8d9e1943a895ac96837a62a39b3f55ecd94ab"

eslint-config-artdeco@1.0.1:
  version "1.0.1"
  resolved "https://registry.yarnpkg.com/eslint-config-artdeco/-/eslint-config-artdeco-1.0.1.tgz#4451c9d0ed1ce4d33dfd43a6315f12c8bfb04274"
  integrity sha1-RFHJ0O0c5NM9/UOmMV8SyL+wQnQ=

forkfeed@1.0.0:
  version "1.0.0"
  resolved "https://registry.yarnpkg.com/forkfeed/-/forkfeed-1.0.0.tgz#e519201d8f3809a0802b72347066a0a772f0629b"
  integrity sha512-E8O9yqYwJLxyExwKLAbDe/Mw20fUuxwplFB/h8lpRQWgKrPcih3uuVKPyXqcJ0N/iPHJMHV6ZH1iFjIkRYvaFw==

"heap@>= 0.2.0":
  version "0.2.6"
  resolved "https://registry.yarnpkg.com/heap/-/heap-0.2.6.tgz#087e1f10b046932fc8594dd9e6d378afc9d1e5ac"

json-diff@0.5.2:
  version "0.5.2"
  resolved "https://registry.yarnpkg.com/json-diff/-/json-diff-0.5.2.tgz#e0bc9e434cd2c4c6354487835e01bf3fed335cda"
  dependencies:
    cli-color "~0.1.6"
    difflib "~0.2.1"
    dreamopt "~0.6.0"

makepromise@2.0.0:
  version "2.0.0"
  resolved "https://registry.yarnpkg.com/makepromise/-/makepromise-2.0.0.tgz#3b91b9de3e36cd6979c94c38392f04ba4d8e1f18"
  dependencies:
    erotic "1.0.1"

makepromise@3.0.1:
  version "3.0.1"
  resolved "https://registry.yarnpkg.com/makepromise/-/makepromise-3.0.1.tgz#5610962047452f91b278c4d3bdc1c854185d913e"
  dependencies:
    erotic "1.2.1"

makepromise@3.0.2:
  version "3.0.2"
  resolved "https://registry.yarnpkg.com/makepromise/-/makepromise-3.0.2.tgz#320376544da2fc3220c66d5baec037fca4c279f6"
  integrity sha512-w9PNbpDhrwSUt9iDKXPcuSukoyy6KqgPXMombnSqmlXi/wA8zTOs6PghVx4l3Jes6tonJBOztBoGaYgT9iFtbg==
  dependencies:
    erotic "2.0.2"

mismatch@1.0.3:
  version "1.0.3"
  resolved "https://registry.yarnpkg.com/mismatch/-/mismatch-1.0.3.tgz#416cbe164971a8eafc6f3a68c7c63a77bdf06bfb"

node-modules-regexp@^1.0.0:
  version "1.0.0"
  resolved "https://registry.yarnpkg.com/node-modules-regexp/-/node-modules-regexp-1.0.0.tgz#8d9dbe28964a4ac5712e9131642107c71e90ec40"

pedantry@2.2.0:
  version "2.2.0"
  resolved "https://registry.yarnpkg.com/pedantry/-/pedantry-2.2.0.tgz#bba0dd81b77e08fcc153fc9e53dc60671686a304"
  dependencies:
    "@wrote/read-dir-structure" "1.0.1"

pirates@4.0.0:
  version "4.0.0"
  resolved "https://registry.yarnpkg.com/pirates/-/pirates-4.0.0.tgz#850b18781b4ac6ec58a43c9ed9ec5fe6796addbd"
  dependencies:
    node-modules-regexp "^1.0.0"

preact-render-to-string@4.1.0:
  version "4.1.0"
  resolved "https://registry.yarnpkg.com/preact-render-to-string/-/preact-render-to-string-4.1.0.tgz#70d98a8385cb86558366c558aad7311ebecb881d"
  integrity sha512-FlFBJRxo8z4cp6VsDmeYjIEx4ZK2clFJnKIvIj8K1IQCRm7ZgJ/SZ1+BotT86/Nc+V1pNtFabHoUi6gpjx5Pug==
  dependencies:
    pretty-format "^3.8.0"

preact@8.4.2:
  version "8.4.2"
  resolved "https://registry.yarnpkg.com/preact/-/preact-8.4.2.tgz#1263b974a17d1ea80b66590e41ef786ced5d6a23"
  integrity sha512-TsINETWiisfB6RTk0wh3/mvxbGRvx+ljeBccZ4Z6MPFKgu/KFGyf2Bmw3Z/jlXhL5JlNKY6QAbA9PVyzIy9//A==

pretty-format@^3.8.0:
  version "3.8.0"
  resolved "https://registry.yarnpkg.com/pretty-format/-/pretty-format-3.8.0.tgz#bfbed56d5e9a776645f4b1ff7aa1a3ac4fa3c385"
  integrity sha1-v77VbV6ad2ZF9LH/eqGjrE+jw4U=

promto@1.0.1:
  version "1.0.1"
  resolved "https://registry.yarnpkg.com/promto/-/promto-1.0.1.tgz#0a169fc7bd8f48cef1ee9faeace61a100305a536"

restream@3.1.1:
  version "3.1.1"
  resolved "https://registry.yarnpkg.com/restream/-/restream-3.1.1.tgz#36084997bd3e765c2da484700e16b850c2f9ffb4"

restream@3.2.1:
  version "3.2.1"
  resolved "https://registry.yarnpkg.com/restream/-/restream-3.2.1.tgz#0dc7354eb364b5045a2ab0a9c70f1f2c384c489a"
  dependencies:
    "@artdeco/clean-stack" "1.0.0"

restream@3.4.1:
  version "3.4.1"
  resolved "https://registry.yarnpkg.com/restream/-/restream-3.4.1.tgz#3ae08677176a2ba484a55b7e2ec2105d7847f07e"
  integrity sha512-aWur+X3dItQjmw2c7KPiyy2BEw20+0d1nk0IAgVEqcvNrGh7MZ4stZ1KnSr5ekcHwI9VDP/3lJ6N2+nLIZduLA==
  dependencies:
    "@artdeco/clean-stack" "1.0.0"

restream@3.5.0:
  version "3.5.0"
  resolved "https://registry.yarnpkg.com/restream/-/restream-3.5.0.tgz#8790f4592b4ef5cd84855c243bac2899d90044b4"
  integrity sha512-qJbNhhC7y0E4FKBeFAUr1HicaCotL49blKqz95X2uoFTZHDjUmsXP35jgDK4jGdoVC0wP4w0LbZN8oAvJe7Z+g==
  dependencies:
    "@artdeco/clean-stack" "1.0.1"

rexml@1.1.0:
  version "1.1.0"
  resolved "https://registry.yarnpkg.com/rexml/-/rexml-1.1.0.tgz#d005c515528aa0c81a39cd456a0da40321ab3fe8"

rexml@1.2.0:
  version "1.2.0"
  resolved "https://registry.yarnpkg.com/rexml/-/rexml-1.2.0.tgz#f78ada4db77b77b5ade1c16ba9e7da6975192438"
  integrity sha512-kXVHg5xCKMgtuy9jiCHHzwVQyokla58YQ9Y5JIK6cLcuUWx9dh+D91RRzHybN/4UfEY9QC93C/gP+btRM99EaQ==

source-map@0.7.3:
  version "0.7.3"
  resolved "https://registry.yarnpkg.com/source-map/-/source-map-0.7.3.tgz#5302f8169031735226544092e64981f751750383"

spawncommand@1.1.0:
  version "1.1.0"
  resolved "https://registry.yarnpkg.com/spawncommand/-/spawncommand-1.1.0.tgz#80a56ed3c06ab3b91643cf3f6cef38bf582fdb15"
  dependencies:
    catchment "^1.0.0"

spawncommand@2.1.0:
  version "2.1.0"
  resolved "https://registry.yarnpkg.com/spawncommand/-/spawncommand-2.1.0.tgz#a5ef60ae7892e8718a9c717fc52fe5f54521e0de"
  dependencies:
    catchment "3.1.1"

typal@1.2.0:
  version "1.2.0"
  resolved "https://registry.yarnpkg.com/typal/-/typal-1.2.0.tgz#b9e24fa8d187adf7819c12595cd142a80be18f5f"
  dependencies:
    mismatch "1.0.3"
    rexml "1.1.0"

usually@1.0.0:
  version "1.0.0"
  resolved "https://registry.yarnpkg.com/usually/-/usually-1.0.0.tgz#3ace5b09471ddf35cccca85971ca178b5255d4b0"

usually@1.1.0:
  version "1.1.0"
  resolved "https://registry.yarnpkg.com/usually/-/usually-1.1.0.tgz#c79965c264596cd3ead181f84dae64dee24b60d6"
  integrity sha512-xGl7nUfT/DifxhZg97MTwjsl795RX0UiNWPvaItg8viTSRujH2D4jSi93yeuKxLDhJyEMId6cnyiD2SdEQ2jLw==

which-stream@1.0.1:
  version "1.0.1"
  resolved "https://registry.yarnpkg.com/which-stream/-/which-stream-1.0.1.tgz#2b495b083b1c31ff68dd4d770b0caa7f86e769af"
  dependencies:
    catchment "3.0.1"

wordwrap@>=0.0.2:
  version "1.0.0"
  resolved "https://registry.yarnpkg.com/wordwrap/-/wordwrap-1.0.0.tgz#27584810891456a4171c8d0226441ade90cbcaeb"

yarn-s@1.1.0:
  version "1.1.0"
  resolved "https://registry.yarnpkg.com/yarn-s/-/yarn-s-1.1.0.tgz#8c65555d7c7ccb5a61e18440b8b0e4cb48b76b9d"
  integrity sha1-jGVVXXx8y1ph4YRAuLDky0i3a50=
  dependencies:
    spawncommand "1.1.0"

zoroaster@3.6.6:
  version "3.6.6"
  resolved "https://registry.yarnpkg.com/zoroaster/-/zoroaster-3.6.6.tgz#dd4830d061c29df0e71e31cad9adf26d13996e2f"
  integrity sha512-gCChvf19qrIVWuHIjErEX0+OMM94JJ4CtrRHs1SGAION7rQ4U3yhHSPLm4wkxfj1G+SwQvMebnzyJ5+va28WwA==
  dependencies:
    "@artdeco/clean-stack" "1.0.0"
    "@zoroaster/fork" "1.0.0"
    "@zoroaster/reducer" "1.0.0"
    alamode "1.6.0"
    argufy "1.2.1"
    assert-diff "2.0.3"
    assert-throws "3.1.1"
    catchment "3.1.1"
    erte "1.1.4"
    forkfeed "1.0.0"
    makepromise "3.0.1"
    mismatch "1.0.3"
    spawncommand "2.1.0"
    usually "1.0.0"
